
Microsoft Visual Studio Solution File, Format Version 12.00
# Visual Studio Version 17
VisualStudioVersion = 17.14.36327.8 d17.14
MinimumVisualStudioVersion = 10.0.40219.1
Project("{2150E333-8FDC-42A3-9474-1A3956D46DE8}") = "MicroServices", "MicroServices", "{02EA681E-C7D8-13C7-8484-4AC65E1B71E8}"
EndProject
Project("{2150E333-8FDC-42A3-9474-1A3956D46DE8}") = "Order", "Order", "{4748FD33-782E-4624-ACEE-07A5DE4A13AC}"
EndProject
Project("{2150E333-8FDC-42A3-9474-1A3956D46DE8}") = "Payment", "Payment", "{CFD20C06-D14A-4D83-8804-1AE0853AA288}"
EndProject
Project("{2150E333-8FDC-42A3-9474-1A3956D46DE8}") = "Notification", "Notification", "{43F438F5-0166-4F6E-9018-9BD6DC981C83}"
EndProject
Project("{2150E333-8FDC-42A3-9474-1A3956D46DE8}") = "Solution Items", "Solution Items", "{8EC462FD-D22E-90A8-E5CE-7E832BA40C5D}"
	ProjectSection(SolutionItems) = preProject
		commands.txt = commands.txt
		docker-compose.yml = docker-compose.yml
	EndProjectSection
EndProject
Global
	GlobalSection(SolutionProperties) = preSolution
		HideSolutionNode = FALSE
	EndGlobalSection
	GlobalSection(NestedProjects) = preSolution
		{4748FD33-782E-4624-ACEE-07A5DE4A13AC} = {02EA681E-C7D8-13C7-8484-4AC65E1B71E8}
		{CFD20C06-D14A-4D83-8804-1AE0853AA288} = {02EA681E-C7D8-13C7-8484-4AC65E1B71E8}
		{43F438F5-0166-4F6E-9018-9BD6DC981C83} = {02EA681E-C7D8-13C7-8484-4AC65E1B71E8}
	EndGlobalSection
	GlobalSection(ExtensibilityGlobals) = postSolution
		SolutionGuid = {3C4D25AA-8C2C-40C3-A22D-1EDA58E5B7CF}
	EndGlobalSection
EndGlobal
